
Microsoft Visual Studio Solution File, Format Version 12.00
# Visual Studio Version 17
VisualStudioVersion = 17.7.34031.279
MinimumVisualStudioVersion = 10.0.40219.1
Project("{FAE04EC0-301F-11D3-BF4B-00C04F79EFBC}") = "Gestion dictionnaire", "Gestion dictionnaire\Gestion dictionnaire.csproj", "{85161C68-65E2-4489-B882-82C0FD93CF31}"
EndProject
Global
	GlobalSection(SolutionConfigurationPlatforms) = preSolution
		Debug|Any CPU = Debug|Any CPU
		Release|Any CPU = Release|Any CPU
	EndGlobalSection
	GlobalSection(ProjectConfigurationPlatforms) = postSolution
		{85161C68-65E2-4489-B882-82C0FD93CF31}.Debug|Any CPU.ActiveCfg = Debug|Any CPU
		{85161C68-65E2-4489-B882-82C0FD93CF31}.Debug|Any CPU.Build.0 = Debug|Any CPU
		{85161C68-65E2-4489-B882-82C0FD93CF31}.Release|Any CPU.ActiveCfg = Release|Any CPU
		{85161C68-65E2-4489-B882-82C0FD93CF31}.Release|Any CPU.Build.0 = Release|Any CPU
	EndGlobalSection
	GlobalSection(SolutionProperties) = preSolution
		HideSolutionNode = FALSE
	EndGlobalSection
	GlobalSection(ExtensibilityGlobals) = postSolution
		SolutionGuid = {8FF5BE06-7E13-42C6-AB97-4CAB47FB3A5A}
	EndGlobalSection
EndGlobal
